// !$*UTF8*$!
{
	archiveVersion = 1;
	classes = {
	};
	objectVersion = 56;
	objects = {

/* Begin PBXBuildFile section */
		B6B19BF1AECA97750BC00F56 /* Pods_SpotifyClone.framework in Frameworks */ = {isa = PBXBuildFile; fileRef = 49A24E6C3F4BA2B470379761 /* Pods_SpotifyClone.framework */; };
		EE76ED6D2B1A07BA004078C5 /* SettingsModels.swift in Sources */ = {isa = PBXBuildFile; fileRef = EE76ED6C2B1A07BA004078C5 /* SettingsModels.swift */; };
		EED9D0872B1B64F40037AA48 /* NewReleasesResponse.swift in Sources */ = {isa = PBXBuildFile; fileRef = EED9D0862B1B64F40037AA48 /* NewReleasesResponse.swift */; };
		EED9D0892B1B660A0037AA48 /* APIImage.swift in Sources */ = {isa = PBXBuildFile; fileRef = EED9D0882B1B660A0037AA48 /* APIImage.swift */; };
		EED9D08B2B1B69380037AA48 /* FeaturedPlaylistsResponse.swift in Sources */ = {isa = PBXBuildFile; fileRef = EED9D08A2B1B69380037AA48 /* FeaturedPlaylistsResponse.swift */; };
		EED9D08D2B1B6D950037AA48 /* RecommendedGenres.swift in Sources */ = {isa = PBXBuildFile; fileRef = EED9D08C2B1B6D950037AA48 /* RecommendedGenres.swift */; };
		EED9D08F2B1F3C950037AA48 /* RecomendationsResponse.swift in Sources */ = {isa = PBXBuildFile; fileRef = EED9D08E2B1F3C950037AA48 /* RecomendationsResponse.swift */; };
		EED9D0922B1F639D0037AA48 /* NewReleaseCollectionViewCell.swift in Sources */ = {isa = PBXBuildFile; fileRef = EED9D0912B1F639D0037AA48 /* NewReleaseCollectionViewCell.swift */; };
		EED9D0942B1F63CE0037AA48 /* FeaturedPlaylistCollectionViewCell.swift in Sources */ = {isa = PBXBuildFile; fileRef = EED9D0932B1F63CE0037AA48 /* FeaturedPlaylistCollectionViewCell.swift */; };
		EED9D0962B1F63F50037AA48 /* RecommendedTrackCollectionViewCell.swift in Sources */ = {isa = PBXBuildFile; fileRef = EED9D0952B1F63F50037AA48 /* RecommendedTrackCollectionViewCell.swift */; };
		EEE4DFCB2B17533300946D22 /* AppDelegate.swift in Sources */ = {isa = PBXBuildFile; fileRef = EEE4DFCA2B17533300946D22 /* AppDelegate.swift */; };
		EEE4DFCD2B17533300946D22 /* SceneDelegate.swift in Sources */ = {isa = PBXBuildFile; fileRef = EEE4DFCC2B17533300946D22 /* SceneDelegate.swift */; };
		EEE4DFCF2B17533300946D22 /* HomeViewController.swift in Sources */ = {isa = PBXBuildFile; fileRef = EEE4DFCE2B17533300946D22 /* HomeViewController.swift */; };
		EEE4DFD42B17533500946D22 /* Assets.xcassets in Resources */ = {isa = PBXBuildFile; fileRef = EEE4DFD32B17533500946D22 /* Assets.xcassets */; };
		EEE4DFD72B17533500946D22 /* LaunchScreen.storyboard in Resources */ = {isa = PBXBuildFile; fileRef = EEE4DFD52B17533500946D22 /* LaunchScreen.storyboard */; };
		EEE4DFE52B17561000946D22 /* TabBarViewController.swift in Sources */ = {isa = PBXBuildFile; fileRef = EEE4DFE42B17561000946D22 /* TabBarViewController.swift */; };
		EEE4DFE72B17563E00946D22 /* SearchViewController.swift in Sources */ = {isa = PBXBuildFile; fileRef = EEE4DFE62B17563E00946D22 /* SearchViewController.swift */; };
		EEE4DFE92B17565400946D22 /* LibraryViewController.swift in Sources */ = {isa = PBXBuildFile; fileRef = EEE4DFE82B17565400946D22 /* LibraryViewController.swift */; };
		EEE4DFEE2B17569400946D22 /* AuthViewController.swift in Sources */ = {isa = PBXBuildFile; fileRef = EEE4DFED2B17569400946D22 /* AuthViewController.swift */; };
		EEE4DFF02B1756A600946D22 /* WelcomeViewController.swift in Sources */ = {isa = PBXBuildFile; fileRef = EEE4DFEF2B1756A600946D22 /* WelcomeViewController.swift */; };
		EEE4DFF22B1756B700946D22 /* SettingsViewController.swift in Sources */ = {isa = PBXBuildFile; fileRef = EEE4DFF12B1756B700946D22 /* SettingsViewController.swift */; };
		EEE4DFF42B1756C400946D22 /* ProfileViewController.swift in Sources */ = {isa = PBXBuildFile; fileRef = EEE4DFF32B1756C400946D22 /* ProfileViewController.swift */; };
		EEE4DFF62B1756D000946D22 /* PlayerViewController.swift in Sources */ = {isa = PBXBuildFile; fileRef = EEE4DFF52B1756D000946D22 /* PlayerViewController.swift */; };
		EEE4DFF82B1756DC00946D22 /* PlaylistViewController.swift in Sources */ = {isa = PBXBuildFile; fileRef = EEE4DFF72B1756DC00946D22 /* PlaylistViewController.swift */; };
		EEE4DFFA2B1756F100946D22 /* SearchResultViewController.swift in Sources */ = {isa = PBXBuildFile; fileRef = EEE4DFF92B1756F100946D22 /* SearchResultViewController.swift */; };
		EEE4DFFC2B17570E00946D22 /* AuthManager.swift in Sources */ = {isa = PBXBuildFile; fileRef = EEE4DFFB2B17570E00946D22 /* AuthManager.swift */; };
		EEE4DFFE2B17571B00946D22 /* APICaller.swift in Sources */ = {isa = PBXBuildFile; fileRef = EEE4DFFD2B17571B00946D22 /* APICaller.swift */; };
		EEE4E0002B17572D00946D22 /* HapticsManager.swift in Sources */ = {isa = PBXBuildFile; fileRef = EEE4DFFF2B17572D00946D22 /* HapticsManager.swift */; };
		EEE4E0022B17574A00946D22 /* Playlist.swift in Sources */ = {isa = PBXBuildFile; fileRef = EEE4E0012B17574A00946D22 /* Playlist.swift */; };
		EEE4E0042B17575600946D22 /* AudioTrack.swift in Sources */ = {isa = PBXBuildFile; fileRef = EEE4E0032B17575600946D22 /* AudioTrack.swift */; };
		EEE4E0062B17577700946D22 /* Artist.swift in Sources */ = {isa = PBXBuildFile; fileRef = EEE4E0052B17577700946D22 /* Artist.swift */; };
		EEE4E0082B17578300946D22 /* UserProfile.swift in Sources */ = {isa = PBXBuildFile; fileRef = EEE4E0072B17578300946D22 /* UserProfile.swift */; };
		EEE4E00A2B17751E00946D22 /* Extension.swift in Sources */ = {isa = PBXBuildFile; fileRef = EEE4E0092B17751E00946D22 /* Extension.swift */; };
		EEE4E00C2B195B4000946D22 /* AuthResponse.swift in Sources */ = {isa = PBXBuildFile; fileRef = EEE4E00B2B195B4000946D22 /* AuthResponse.swift */; };
		EEE4E0102B19699100946D22 /* PrivateTokensForAPI.swift in Sources */ = {isa = PBXBuildFile; fileRef = EEE4E00F2B19699100946D22 /* PrivateTokensForAPI.swift */; };
/* End PBXBuildFile section */

/* Begin PBXFileReference section */
		0AC5E1659C185C0E6720FF8F /* Pods-SpotifyClone.release.xcconfig */ = {isa = PBXFileReference; includeInIndex = 1; lastKnownFileType = text.xcconfig; name = "Pods-SpotifyClone.release.xcconfig"; path = "Target Support Files/Pods-SpotifyClone/Pods-SpotifyClone.release.xcconfig"; sourceTree = "<group>"; };
		49A24E6C3F4BA2B470379761 /* Pods_SpotifyClone.framework */ = {isa = PBXFileReference; explicitFileType = wrapper.framework; includeInIndex = 0; path = Pods_SpotifyClone.framework; sourceTree = BUILT_PRODUCTS_DIR; };
		7DADC2A4A0C2E337127ABC52 /* Pods-SpotifyClone.debug.xcconfig */ = {isa = PBXFileReference; includeInIndex = 1; lastKnownFileType = text.xcconfig; name = "Pods-SpotifyClone.debug.xcconfig"; path = "Target Support Files/Pods-SpotifyClone/Pods-SpotifyClone.debug.xcconfig"; sourceTree = "<group>"; };
		EE76ED6C2B1A07BA004078C5 /* SettingsModels.swift */ = {isa = PBXFileReference; lastKnownFileType = sourcecode.swift; path = SettingsModels.swift; sourceTree = "<group>"; };
		EED9D0862B1B64F40037AA48 /* NewReleasesResponse.swift */ = {isa = PBXFileReference; lastKnownFileType = sourcecode.swift; path = NewReleasesResponse.swift; sourceTree = "<group>"; };
		EED9D0882B1B660A0037AA48 /* APIImage.swift */ = {isa = PBXFileReference; lastKnownFileType = sourcecode.swift; path = APIImage.swift; sourceTree = "<group>"; };
		EED9D08A2B1B69380037AA48 /* FeaturedPlaylistsResponse.swift */ = {isa = PBXFileReference; lastKnownFileType = sourcecode.swift; path = FeaturedPlaylistsResponse.swift; sourceTree = "<group>"; };
		EED9D08C2B1B6D950037AA48 /* RecommendedGenres.swift */ = {isa = PBXFileReference; lastKnownFileType = sourcecode.swift; path = RecommendedGenres.swift; sourceTree = "<group>"; };
		EED9D08E2B1F3C950037AA48 /* RecomendationsResponse.swift */ = {isa = PBXFileReference; lastKnownFileType = sourcecode.swift; path = RecomendationsResponse.swift; sourceTree = "<group>"; };
		EED9D0912B1F639D0037AA48 /* NewReleaseCollectionViewCell.swift */ = {isa = PBXFileReference; lastKnownFileType = sourcecode.swift; path = NewReleaseCollectionViewCell.swift; sourceTree = "<group>"; };
		EED9D0932B1F63CE0037AA48 /* FeaturedPlaylistCollectionViewCell.swift */ = {isa = PBXFileReference; lastKnownFileType = sourcecode.swift; path = FeaturedPlaylistCollectionViewCell.swift; sourceTree = "<group>"; };
		EED9D0952B1F63F50037AA48 /* RecommendedTrackCollectionViewCell.swift */ = {isa = PBXFileReference; lastKnownFileType = sourcecode.swift; path = RecommendedTrackCollectionViewCell.swift; sourceTree = "<group>"; };
		EEE4DFC72B17533300946D22 /* SpotifyClone.app */ = {isa = PBXFileReference; explicitFileType = wrapper.application; includeInIndex = 0; path = SpotifyClone.app; sourceTree = BUILT_PRODUCTS_DIR; };
		EEE4DFCA2B17533300946D22 /* AppDelegate.swift */ = {isa = PBXFileReference; lastKnownFileType = sourcecode.swift; path = AppDelegate.swift; sourceTree = "<group>"; };
		EEE4DFCC2B17533300946D22 /* SceneDelegate.swift */ = {isa = PBXFileReference; lastKnownFileType = sourcecode.swift; path = SceneDelegate.swift; sourceTree = "<group>"; };
		EEE4DFCE2B17533300946D22 /* HomeViewController.swift */ = {isa = PBXFileReference; lastKnownFileType = sourcecode.swift; path = HomeViewController.swift; sourceTree = "<group>"; };
		EEE4DFD32B17533500946D22 /* Assets.xcassets */ = {isa = PBXFileReference; lastKnownFileType = folder.assetcatalog; path = Assets.xcassets; sourceTree = "<group>"; };
		EEE4DFD62B17533500946D22 /* Base */ = {isa = PBXFileReference; lastKnownFileType = file.storyboard; name = Base; path = Base.lproj/LaunchScreen.storyboard; sourceTree = "<group>"; };
		EEE4DFD82B17533500946D22 /* Info.plist */ = {isa = PBXFileReference; lastKnownFileType = text.plist.xml; path = Info.plist; sourceTree = "<group>"; };
		EEE4DFE42B17561000946D22 /* TabBarViewController.swift */ = {isa = PBXFileReference; lastKnownFileType = sourcecode.swift; path = TabBarViewController.swift; sourceTree = "<group>"; };
		EEE4DFE62B17563E00946D22 /* SearchViewController.swift */ = {isa = PBXFileReference; lastKnownFileType = sourcecode.swift; path = SearchViewController.swift; sourceTree = "<group>"; };
		EEE4DFE82B17565400946D22 /* LibraryViewController.swift */ = {isa = PBXFileReference; lastKnownFileType = sourcecode.swift; path = LibraryViewController.swift; sourceTree = "<group>"; };
		EEE4DFED2B17569400946D22 /* AuthViewController.swift */ = {isa = PBXFileReference; lastKnownFileType = sourcecode.swift; path = AuthViewController.swift; sourceTree = "<group>"; };
		EEE4DFEF2B1756A600946D22 /* WelcomeViewController.swift */ = {isa = PBXFileReference; lastKnownFileType = sourcecode.swift; path = WelcomeViewController.swift; sourceTree = "<group>"; };
		EEE4DFF12B1756B700946D22 /* SettingsViewController.swift */ = {isa = PBXFileReference; lastKnownFileType = sourcecode.swift; path = SettingsViewController.swift; sourceTree = "<group>"; };
		EEE4DFF32B1756C400946D22 /* ProfileViewController.swift */ = {isa = PBXFileReference; lastKnownFileType = sourcecode.swift; path = ProfileViewController.swift; sourceTree = "<group>"; };
		EEE4DFF52B1756D000946D22 /* PlayerViewController.swift */ = {isa = PBXFileReference; lastKnownFileType = sourcecode.swift; path = PlayerViewController.swift; sourceTree = "<group>"; };
		EEE4DFF72B1756DC00946D22 /* PlaylistViewController.swift */ = {isa = PBXFileReference; lastKnownFileType = sourcecode.swift; path = PlaylistViewController.swift; sourceTree = "<group>"; };
		EEE4DFF92B1756F100946D22 /* SearchResultViewController.swift */ = {isa = PBXFileReference; lastKnownFileType = sourcecode.swift; path = SearchResultViewController.swift; sourceTree = "<group>"; };
		EEE4DFFB2B17570E00946D22 /* AuthManager.swift */ = {isa = PBXFileReference; lastKnownFileType = sourcecode.swift; path = AuthManager.swift; sourceTree = "<group>"; };
		EEE4DFFD2B17571B00946D22 /* APICaller.swift */ = {isa = PBXFileReference; lastKnownFileType = sourcecode.swift; path = APICaller.swift; sourceTree = "<group>"; };
		EEE4DFFF2B17572D00946D22 /* HapticsManager.swift */ = {isa = PBXFileReference; lastKnownFileType = sourcecode.swift; path = HapticsManager.swift; sourceTree = "<group>"; };
		EEE4E0012B17574A00946D22 /* Playlist.swift */ = {isa = PBXFileReference; lastKnownFileType = sourcecode.swift; path = Playlist.swift; sourceTree = "<group>"; };
		EEE4E0032B17575600946D22 /* AudioTrack.swift */ = {isa = PBXFileReference; lastKnownFileType = sourcecode.swift; path = AudioTrack.swift; sourceTree = "<group>"; };
		EEE4E0052B17577700946D22 /* Artist.swift */ = {isa = PBXFileReference; lastKnownFileType = sourcecode.swift; path = Artist.swift; sourceTree = "<group>"; };
		EEE4E0072B17578300946D22 /* UserProfile.swift */ = {isa = PBXFileReference; lastKnownFileType = sourcecode.swift; path = UserProfile.swift; sourceTree = "<group>"; };
		EEE4E0092B17751E00946D22 /* Extension.swift */ = {isa = PBXFileReference; lastKnownFileType = sourcecode.swift; path = Extension.swift; sourceTree = "<group>"; };
		EEE4E00B2B195B4000946D22 /* AuthResponse.swift */ = {isa = PBXFileReference; lastKnownFileType = sourcecode.swift; path = AuthResponse.swift; sourceTree = "<group>"; };
		EEE4E00F2B19699100946D22 /* PrivateTokensForAPI.swift */ = {isa = PBXFileReference; lastKnownFileType = sourcecode.swift; path = PrivateTokensForAPI.swift; sourceTree = "<group>"; };
/* End PBXFileReference section */

/* Begin PBXFrameworksBuildPhase section */
		EEE4DFC42B17533300946D22 /* Frameworks */ = {
			isa = PBXFrameworksBuildPhase;
			buildActionMask = 2147483647;
			files = (
				B6B19BF1AECA97750BC00F56 /* Pods_SpotifyClone.framework in Frameworks */,
			);
			runOnlyForDeploymentPostprocessing = 0;
		};
/* End PBXFrameworksBuildPhase section */

/* Begin PBXGroup section */
		557E2BF269C0324CC4805079 /* Pods */ = {
			isa = PBXGroup;
			children = (
				7DADC2A4A0C2E337127ABC52 /* Pods-SpotifyClone.debug.xcconfig */,
				0AC5E1659C185C0E6720FF8F /* Pods-SpotifyClone.release.xcconfig */,
			);
			path = Pods;
			sourceTree = "<group>";
		};
		5B59645A7B430CEA084EF1CB /* Frameworks */ = {
			isa = PBXGroup;
			children = (
				49A24E6C3F4BA2B470379761 /* Pods_SpotifyClone.framework */,
			);
			name = Frameworks;
			sourceTree = "<group>";
		};
		EED9D0902B1F63790037AA48 /* Browse */ = {
			isa = PBXGroup;
			children = (
				EED9D0912B1F639D0037AA48 /* NewReleaseCollectionViewCell.swift */,
				EED9D0932B1F63CE0037AA48 /* FeaturedPlaylistCollectionViewCell.swift */,
				EED9D0952B1F63F50037AA48 /* RecommendedTrackCollectionViewCell.swift */,
			);
			path = Browse;
			sourceTree = "<group>";
		};
		EEE4DFBE2B17533300946D22 = {
			isa = PBXGroup;
			children = (
				EEE4DFC92B17533300946D22 /* SpotifyClone */,
				EEE4DFC82B17533300946D22 /* Products */,
				557E2BF269C0324CC4805079 /* Pods */,
				5B59645A7B430CEA084EF1CB /* Frameworks */,
			);
			sourceTree = "<group>";
		};
		EEE4DFC82B17533300946D22 /* Products */ = {
			isa = PBXGroup;
			children = (
				EEE4DFC72B17533300946D22 /* SpotifyClone.app */,
			);
			name = Products;
			sourceTree = "<group>";
		};
		EEE4DFC92B17533300946D22 /* SpotifyClone */ = {
			isa = PBXGroup;
			children = (
				EEE4DFE32B17539600946D22 /* ViewModels */,
				EEE4DFE22B17538500946D22 /* Resources */,
				EEE4DFE12B17537A00946D22 /* Managers */,
				EEE4DFE02B17536E00946D22 /* Models */,
				EEE4DFDF2B17536500946D22 /* View */,
				EEE4DFDE2B17535400946D22 /* Controller */,
				EEE4DFD82B17533500946D22 /* Info.plist */,
			);
			path = SpotifyClone;
			sourceTree = "<group>";
		};
		EEE4DFDE2B17535400946D22 /* Controller */ = {
			isa = PBXGroup;
			children = (
				EEE4DFEC2B17567A00946D22 /* Other */,
				EEE4DFEB2B17567000946D22 /* Core */,
			);
			path = Controller;
			sourceTree = "<group>";
		};
		EEE4DFDF2B17536500946D22 /* View */ = {
			isa = PBXGroup;
			children = (
				EED9D0902B1F63790037AA48 /* Browse */,
				EEE4DFD52B17533500946D22 /* LaunchScreen.storyboard */,
			);
			path = View;
			sourceTree = "<group>";
		};
		EEE4DFE02B17536E00946D22 /* Models */ = {
			isa = PBXGroup;
			children = (
				EEE4E0012B17574A00946D22 /* Playlist.swift */,
				EEE4E0032B17575600946D22 /* AudioTrack.swift */,
				EEE4E0052B17577700946D22 /* Artist.swift */,
				EEE4E0072B17578300946D22 /* UserProfile.swift */,
				EEE4E00B2B195B4000946D22 /* AuthResponse.swift */,
				EE76ED6C2B1A07BA004078C5 /* SettingsModels.swift */,
				EED9D0862B1B64F40037AA48 /* NewReleasesResponse.swift */,
				EED9D0882B1B660A0037AA48 /* APIImage.swift */,
				EED9D08A2B1B69380037AA48 /* FeaturedPlaylistsResponse.swift */,
				EED9D08C2B1B6D950037AA48 /* RecommendedGenres.swift */,
				EED9D08E2B1F3C950037AA48 /* RecomendationsResponse.swift */,
			);
			path = Models;
			sourceTree = "<group>";
		};
		EEE4DFE12B17537A00946D22 /* Managers */ = {
			isa = PBXGroup;
			children = (
				EEE4DFFB2B17570E00946D22 /* AuthManager.swift */,
				EEE4DFFD2B17571B00946D22 /* APICaller.swift */,
				EEE4DFFF2B17572D00946D22 /* HapticsManager.swift */,
				EEE4E00F2B19699100946D22 /* PrivateTokensForAPI.swift */,
			);
			path = Managers;
			sourceTree = "<group>";
		};
		EEE4DFE22B17538500946D22 /* Resources */ = {
			isa = PBXGroup;
			children = (
				EEE4DFD32B17533500946D22 /* Assets.xcassets */,
				EEE4DFCA2B17533300946D22 /* AppDelegate.swift */,
				EEE4DFCC2B17533300946D22 /* SceneDelegate.swift */,
				EEE4E0092B17751E00946D22 /* Extension.swift */,
			);
			path = Resources;
			sourceTree = "<group>";
		};
		EEE4DFE32B17539600946D22 /* ViewModels */ = {
			isa = PBXGroup;
			children = (
			);
			path = ViewModels;
			sourceTree = "<group>";
		};
		EEE4DFEB2B17567000946D22 /* Core */ = {
			isa = PBXGroup;
			children = (
				EEE4DFE42B17561000946D22 /* TabBarViewController.swift */,
				EEE4DFCE2B17533300946D22 /* HomeViewController.swift */,
				EEE4DFE62B17563E00946D22 /* SearchViewController.swift */,
				EEE4DFE82B17565400946D22 /* LibraryViewController.swift */,
			);
			path = Core;
			sourceTree = "<group>";
		};
		EEE4DFEC2B17567A00946D22 /* Other */ = {
			isa = PBXGroup;
			children = (
				EEE4DFED2B17569400946D22 /* AuthViewController.swift */,
				EEE4DFEF2B1756A600946D22 /* WelcomeViewController.swift */,
				EEE4DFF12B1756B700946D22 /* SettingsViewController.swift */,
				EEE4DFF32B1756C400946D22 /* ProfileViewController.swift */,
				EEE4DFF52B1756D000946D22 /* PlayerViewController.swift */,
				EEE4DFF72B1756DC00946D22 /* PlaylistViewController.swift */,
				EEE4DFF92B1756F100946D22 /* SearchResultViewController.swift */,
			);
			path = Other;
			sourceTree = "<group>";
		};
/* End PBXGroup section */

/* Begin PBXNativeTarget section */
		EEE4DFC62B17533300946D22 /* SpotifyClone */ = {
			isa = PBXNativeTarget;
			buildConfigurationList = EEE4DFDB2B17533500946D22 /* Build configuration list for PBXNativeTarget "SpotifyClone" */;
			buildPhases = (
				24C401778874A1E90757042F /* [CP] Check Pods Manifest.lock */,
				EEE4DFC32B17533300946D22 /* Sources */,
				EEE4DFC42B17533300946D22 /* Frameworks */,
				EEE4DFC52B17533300946D22 /* Resources */,
				47941B45C0008603ACE49541 /* [CP] Embed Pods Frameworks */,
			);
			buildRules = (
			);
			dependencies = (
			);
			name = SpotifyClone;
			productName = SpotifyClone;
			productReference = EEE4DFC72B17533300946D22 /* SpotifyClone.app */;
			productType = "com.apple.product-type.application";
		};
/* End PBXNativeTarget section */

/* Begin PBXProject section */
		EEE4DFBF2B17533300946D22 /* Project object */ = {
			isa = PBXProject;
			attributes = {
				BuildIndependentTargetsInParallel = 1;
				LastSwiftUpdateCheck = 1500;
				LastUpgradeCheck = 1500;
				TargetAttributes = {
					EEE4DFC62B17533300946D22 = {
						CreatedOnToolsVersion = 15.0.1;
					};
				};
			};
			buildConfigurationList = EEE4DFC22B17533300946D22 /* Build configuration list for PBXProject "SpotifyClone" */;
			compatibilityVersion = "Xcode 14.0";
			developmentRegion = en;
			hasScannedForEncodings = 0;
			knownRegions = (
				en,
				Base,
			);
			mainGroup = EEE4DFBE2B17533300946D22;
			productRefGroup = EEE4DFC82B17533300946D22 /* Products */;
			projectDirPath = "";
			projectRoot = "";
			targets = (
				EEE4DFC62B17533300946D22 /* SpotifyClone */,
			);
		};
/* End PBXProject section */

/* Begin PBXResourcesBuildPhase section */
		EEE4DFC52B17533300946D22 /* Resources */ = {
			isa = PBXResourcesBuildPhase;
			buildActionMask = 2147483647;
			files = (
				EEE4DFD72B17533500946D22 /* LaunchScreen.storyboard in Resources */,
				EEE4DFD42B17533500946D22 /* Assets.xcassets in Resources */,
			);
			runOnlyForDeploymentPostprocessing = 0;
		};
/* End PBXResourcesBuildPhase section */

/* Begin PBXShellScriptBuildPhase section */
		24C401778874A1E90757042F /* [CP] Check Pods Manifest.lock */ = {
			isa = PBXShellScriptBuildPhase;
			buildActionMask = 2147483647;
			files = (
			);
			inputFileListPaths = (
			);
			inputPaths = (
				"${PODS_PODFILE_DIR_PATH}/Podfile.lock",
				"${PODS_ROOT}/Manifest.lock",
			);
			name = "[CP] Check Pods Manifest.lock";
			outputFileListPaths = (
			);
			outputPaths = (
				"$(DERIVED_FILE_DIR)/Pods-SpotifyClone-checkManifestLockResult.txt",
			);
			runOnlyForDeploymentPostprocessing = 0;
			shellPath = /bin/sh;
			shellScript = "diff \"${PODS_PODFILE_DIR_PATH}/Podfile.lock\" \"${PODS_ROOT}/Manifest.lock\" > /dev/null\nif [ $? != 0 ] ; then\n    # print error to STDERR\n    echo \"error: The sandbox is not in sync with the Podfile.lock. Run 'pod install' or update your CocoaPods installation.\" >&2\n    exit 1\nfi\n# This output is used by Xcode 'outputs' to avoid re-running this script phase.\necho \"SUCCESS\" > \"${SCRIPT_OUTPUT_FILE_0}\"\n";
			showEnvVarsInLog = 0;
		};
		47941B45C0008603ACE49541 /* [CP] Embed Pods Frameworks */ = {
			isa = PBXShellScriptBuildPhase;
			buildActionMask = 2147483647;
			files = (
			);
			inputFileListPaths = (
				"${PODS_ROOT}/Target Support Files/Pods-SpotifyClone/Pods-SpotifyClone-frameworks-${CONFIGURATION}-input-files.xcfilelist",
			);
			name = "[CP] Embed Pods Frameworks";
			outputFileListPaths = (
				"${PODS_ROOT}/Target Support Files/Pods-SpotifyClone/Pods-SpotifyClone-frameworks-${CONFIGURATION}-output-files.xcfilelist",
			);
			runOnlyForDeploymentPostprocessing = 0;
			shellPath = /bin/sh;
			shellScript = "\"${PODS_ROOT}/Target Support Files/Pods-SpotifyClone/Pods-SpotifyClone-frameworks.sh\"\n";
			showEnvVarsInLog = 0;
		};
/* End PBXShellScriptBuildPhase section */

/* Begin PBXSourcesBuildPhase section */
		EEE4DFC32B17533300946D22 /* Sources */ = {
			isa = PBXSourcesBuildPhase;
			buildActionMask = 2147483647;
			files = (
				EEE4E0042B17575600946D22 /* AudioTrack.swift in Sources */,
				EED9D0922B1F639D0037AA48 /* NewReleaseCollectionViewCell.swift in Sources */,
				EED9D0962B1F63F50037AA48 /* RecommendedTrackCollectionViewCell.swift in Sources */,
				EEE4DFE72B17563E00946D22 /* SearchViewController.swift in Sources */,
				EEE4E0022B17574A00946D22 /* Playlist.swift in Sources */,
				EEE4DFFC2B17570E00946D22 /* AuthManager.swift in Sources */,
				EE76ED6D2B1A07BA004078C5 /* SettingsModels.swift in Sources */,
				EEE4E0102B19699100946D22 /* PrivateTokensForAPI.swift in Sources */,
				EED9D0892B1B660A0037AA48 /* APIImage.swift in Sources */,
				EED9D08F2B1F3C950037AA48 /* RecomendationsResponse.swift in Sources */,
				EEE4DFF02B1756A600946D22 /* WelcomeViewController.swift in Sources */,
				EED9D0872B1B64F40037AA48 /* NewReleasesResponse.swift in Sources */,
				EED9D08D2B1B6D950037AA48 /* RecommendedGenres.swift in Sources */,
				EEE4DFF42B1756C400946D22 /* ProfileViewController.swift in Sources */,
				EEE4DFE52B17561000946D22 /* TabBarViewController.swift in Sources */,
				EEE4DFCF2B17533300946D22 /* HomeViewController.swift in Sources */,
				EEE4E00C2B195B4000946D22 /* AuthResponse.swift in Sources */,
				EEE4E0002B17572D00946D22 /* HapticsManager.swift in Sources */,
				EEE4E00A2B17751E00946D22 /* Extension.swift in Sources */,
				EEE4DFEE2B17569400946D22 /* AuthViewController.swift in Sources */,
				EEE4DFCB2B17533300946D22 /* AppDelegate.swift in Sources */,
				EED9D0942B1F63CE0037AA48 /* FeaturedPlaylistCollectionViewCell.swift in Sources */,
				EEE4DFE92B17565400946D22 /* LibraryViewController.swift in Sources */,
				EEE4E0082B17578300946D22 /* UserProfile.swift in Sources */,
				EEE4DFF82B1756DC00946D22 /* PlaylistViewController.swift in Sources */,
				EEE4E0062B17577700946D22 /* Artist.swift in Sources */,
				EEE4DFCD2B17533300946D22 /* SceneDelegate.swift in Sources */,
				EED9D08B2B1B69380037AA48 /* FeaturedPlaylistsResponse.swift in Sources */,
				EEE4DFF62B1756D000946D22 /* PlayerViewController.swift in Sources */,
				EEE4DFFA2B1756F100946D22 /* SearchResultViewController.swift in Sources */,
				EEE4DFFE2B17571B00946D22 /* APICaller.swift in Sources */,
				EEE4DFF22B1756B700946D22 /* SettingsViewController.swift in Sources */,
			);
			runOnlyForDeploymentPostprocessing = 0;
		};
/* End PBXSourcesBuildPhase section */

/* Begin PBXVariantGroup section */
		EEE4DFD52B17533500946D22 /* LaunchScreen.storyboard */ = {
			isa = PBXVariantGroup;
			children = (
				EEE4DFD62B17533500946D22 /* Base */,
			);
			name = LaunchScreen.storyboard;
			sourceTree = "<group>";
		};
/* End PBXVariantGroup section */

/* Begin XCBuildConfiguration section */
		EEE4DFD92B17533500946D22 /* Debug */ = {
			isa = XCBuildConfiguration;
			buildSettings = {
				ALWAYS_SEARCH_USER_PATHS = NO;
				ASSETCATALOG_COMPILER_GENERATE_SWIFT_ASSET_SYMBOL_EXTENSIONS = YES;
				CLANG_ANALYZER_NONNULL = YES;
				CLANG_ANALYZER_NUMBER_OBJECT_CONVERSION = YES_AGGRESSIVE;
				CLANG_CXX_LANGUAGE_STANDARD = "gnu++20";
				CLANG_ENABLE_MODULES = YES;
				CLANG_ENABLE_OBJC_ARC = YES;
				CLANG_ENABLE_OBJC_WEAK = YES;
				CLANG_WARN_BLOCK_CAPTURE_AUTORELEASING = YES;
				CLANG_WARN_BOOL_CONVERSION = YES;
				CLANG_WARN_COMMA = YES;
				CLANG_WARN_CONSTANT_CONVERSION = YES;
				CLANG_WARN_DEPRECATED_OBJC_IMPLEMENTATIONS = YES;
				CLANG_WARN_DIRECT_OBJC_ISA_USAGE = YES_ERROR;
				CLANG_WARN_DOCUMENTATION_COMMENTS = YES;
				CLANG_WARN_EMPTY_BODY = YES;
				CLANG_WARN_ENUM_CONVERSION = YES;
				CLANG_WARN_INFINITE_RECURSION = YES;
				CLANG_WARN_INT_CONVERSION = YES;
				CLANG_WARN_NON_LITERAL_NULL_CONVERSION = YES;
				CLANG_WARN_OBJC_IMPLICIT_RETAIN_SELF = YES;
				CLANG_WARN_OBJC_LITERAL_CONVERSION = YES;
				CLANG_WARN_OBJC_ROOT_CLASS = YES_ERROR;
				CLANG_WARN_QUOTED_INCLUDE_IN_FRAMEWORK_HEADER = YES;
				CLANG_WARN_RANGE_LOOP_ANALYSIS = YES;
				CLANG_WARN_STRICT_PROTOTYPES = YES;
				CLANG_WARN_SUSPICIOUS_MOVE = YES;
				CLANG_WARN_UNGUARDED_AVAILABILITY = YES_AGGRESSIVE;
				CLANG_WARN_UNREACHABLE_CODE = YES;
				CLANG_WARN__DUPLICATE_METHOD_MATCH = YES;
				COPY_PHASE_STRIP = NO;
				DEBUG_INFORMATION_FORMAT = dwarf;
				ENABLE_STRICT_OBJC_MSGSEND = YES;
				ENABLE_TESTABILITY = YES;
				ENABLE_USER_SCRIPT_SANDBOXING = NO;
				GCC_C_LANGUAGE_STANDARD = gnu17;
				GCC_DYNAMIC_NO_PIC = NO;
				GCC_NO_COMMON_BLOCKS = YES;
				GCC_OPTIMIZATION_LEVEL = 0;
				GCC_PREPROCESSOR_DEFINITIONS = (
					"DEBUG=1",
					"$(inherited)",
				);
				GCC_WARN_64_TO_32_BIT_CONVERSION = YES;
				GCC_WARN_ABOUT_RETURN_TYPE = YES_ERROR;
				GCC_WARN_UNDECLARED_SELECTOR = YES;
				GCC_WARN_UNINITIALIZED_AUTOS = YES_AGGRESSIVE;
				GCC_WARN_UNUSED_FUNCTION = YES;
				GCC_WARN_UNUSED_VARIABLE = YES;
				IPHONEOS_DEPLOYMENT_TARGET = 15.2;
				LOCALIZATION_PREFERS_STRING_CATALOGS = YES;
				MTL_ENABLE_DEBUG_INFO = INCLUDE_SOURCE;
				MTL_FAST_MATH = YES;
				ONLY_ACTIVE_ARCH = YES;
				SDKROOT = iphoneos;
				SWIFT_ACTIVE_COMPILATION_CONDITIONS = "DEBUG $(inherited)";
				SWIFT_OPTIMIZATION_LEVEL = "-Onone";
			};
			name = Debug;
		};
		EEE4DFDA2B17533500946D22 /* Release */ = {
			isa = XCBuildConfiguration;
			buildSettings = {
				ALWAYS_SEARCH_USER_PATHS = NO;
				ASSETCATALOG_COMPILER_GENERATE_SWIFT_ASSET_SYMBOL_EXTENSIONS = YES;
				CLANG_ANALYZER_NONNULL = YES;
				CLANG_ANALYZER_NUMBER_OBJECT_CONVERSION = YES_AGGRESSIVE;
				CLANG_CXX_LANGUAGE_STANDARD = "gnu++20";
				CLANG_ENABLE_MODULES = YES;
				CLANG_ENABLE_OBJC_ARC = YES;
				CLANG_ENABLE_OBJC_WEAK = YES;
				CLANG_WARN_BLOCK_CAPTURE_AUTORELEASING = YES;
				CLANG_WARN_BOOL_CONVERSION = YES;
				CLANG_WARN_COMMA = YES;
				CLANG_WARN_CONSTANT_CONVERSION = YES;
				CLANG_WARN_DEPRECATED_OBJC_IMPLEMENTATIONS = YES;
				CLANG_WARN_DIRECT_OBJC_ISA_USAGE = YES_ERROR;
				CLANG_WARN_DOCUMENTATION_COMMENTS = YES;
				CLANG_WARN_EMPTY_BODY = YES;
				CLANG_WARN_ENUM_CONVERSION = YES;
				CLANG_WARN_INFINITE_RECURSION = YES;
				CLANG_WARN_INT_CONVERSION = YES;
				CLANG_WARN_NON_LITERAL_NULL_CONVERSION = YES;
				CLANG_WARN_OBJC_IMPLICIT_RETAIN_SELF = YES;
				CLANG_WARN_OBJC_LITERAL_CONVERSION = YES;
				CLANG_WARN_OBJC_ROOT_CLASS = YES_ERROR;
				CLANG_WARN_QUOTED_INCLUDE_IN_FRAMEWORK_HEADER = YES;
				CLANG_WARN_RANGE_LOOP_ANALYSIS = YES;
				CLANG_WARN_STRICT_PROTOTYPES = YES;
				CLANG_WARN_SUSPICIOUS_MOVE = YES;
				CLANG_WARN_UNGUARDED_AVAILABILITY = YES_AGGRESSIVE;
				CLANG_WARN_UNREACHABLE_CODE = YES;
				CLANG_WARN__DUPLICATE_METHOD_MATCH = YES;
				COPY_PHASE_STRIP = NO;
				DEBUG_INFORMATION_FORMAT = "dwarf-with-dsym";
				ENABLE_NS_ASSERTIONS = NO;
				ENABLE_STRICT_OBJC_MSGSEND = YES;
				ENABLE_USER_SCRIPT_SANDBOXING = NO;
				GCC_C_LANGUAGE_STANDARD = gnu17;
				GCC_NO_COMMON_BLOCKS = YES;
				GCC_WARN_64_TO_32_BIT_CONVERSION = YES;
				GCC_WARN_ABOUT_RETURN_TYPE = YES_ERROR;
				GCC_WARN_UNDECLARED_SELECTOR = YES;
				GCC_WARN_UNINITIALIZED_AUTOS = YES_AGGRESSIVE;
				GCC_WARN_UNUSED_FUNCTION = YES;
				GCC_WARN_UNUSED_VARIABLE = YES;
				IPHONEOS_DEPLOYMENT_TARGET = 15.2;
				LOCALIZATION_PREFERS_STRING_CATALOGS = YES;
				MTL_ENABLE_DEBUG_INFO = NO;
				MTL_FAST_MATH = YES;
				SDKROOT = iphoneos;
				SWIFT_COMPILATION_MODE = wholemodule;
				VALIDATE_PRODUCT = YES;
			};
			name = Release;
		};
		EEE4DFDC2B17533500946D22 /* Debug */ = {
			isa = XCBuildConfiguration;
			baseConfigurationReference = 7DADC2A4A0C2E337127ABC52 /* Pods-SpotifyClone.debug.xcconfig */;
			buildSettings = {
				ASSETCATALOG_COMPILER_APPICON_NAME = AppIcon;
				ASSETCATALOG_COMPILER_GLOBAL_ACCENT_COLOR_NAME = AccentColor;
				CODE_SIGN_STYLE = Automatic;
				CURRENT_PROJECT_VERSION = 1;
				DEVELOPMENT_TEAM = N4K48R6QZM;
				GENERATE_INFOPLIST_FILE = YES;
				INFOPLIST_FILE = SpotifyClone/Info.plist;
				INFOPLIST_KEY_UIApplicationSupportsIndirectInputEvents = YES;
				INFOPLIST_KEY_UILaunchStoryboardName = LaunchScreen;
				INFOPLIST_KEY_UISupportedInterfaceOrientations = UIInterfaceOrientationPortrait;
				IPHONEOS_DEPLOYMENT_TARGET = 15.2;
				LD_RUNPATH_SEARCH_PATHS = (
					"$(inherited)",
					"@executable_path/Frameworks",
				);
				MARKETING_VERSION = 1.0;
				PRODUCT_BUNDLE_IDENTIFIER = lavaw.SpotifyClone;
				PRODUCT_NAME = "$(TARGET_NAME)";
				SUPPORTED_PLATFORMS = "iphoneos iphonesimulator";
				SUPPORTS_MACCATALYST = NO;
				SWIFT_EMIT_LOC_STRINGS = YES;
				SWIFT_VERSION = 5.0;
				TARGETED_DEVICE_FAMILY = 1;
			};
			name = Debug;
		};
		EEE4DFDD2B17533500946D22 /* Release */ = {
			isa = XCBuildConfiguration;
			baseConfigurationReference = 0AC5E1659C185C0E6720FF8F /* Pods-SpotifyClone.release.xcconfig */;
			buildSettings = {
				ASSETCATALOG_COMPILER_APPICON_NAME = AppIcon;
				ASSETCATALOG_COMPILER_GLOBAL_ACCENT_COLOR_NAME = AccentColor;
				CODE_SIGN_STYLE = Automatic;
				CURRENT_PROJECT_VERSION = 1;
				DEVELOPMENT_TEAM = N4K48R6QZM;
				GENERATE_INFOPLIST_FILE = YES;
				INFOPLIST_FILE = SpotifyClone/Info.plist;
				INFOPLIST_KEY_UIApplicationSupportsIndirectInputEvents = YES;
				INFOPLIST_KEY_UILaunchStoryboardName = LaunchScreen;
				INFOPLIST_KEY_UISupportedInterfaceOrientations = UIInterfaceOrientationPortrait;
				IPHONEOS_DEPLOYMENT_TARGET = 15.2;
				LD_RUNPATH_SEARCH_PATHS = (
					"$(inherited)",
					"@executable_path/Frameworks",
				);
				MARKETING_VERSION = 1.0;
				PRODUCT_BUNDLE_IDENTIFIER = lavaw.SpotifyClone;
				PRODUCT_NAME = "$(TARGET_NAME)";
				SUPPORTED_PLATFORMS = "iphoneos iphonesimulator";
				SUPPORTS_MACCATALYST = NO;
				SWIFT_EMIT_LOC_STRINGS = YES;
				SWIFT_VERSION = 5.0;
				TARGETED_DEVICE_FAMILY = 1;
			};
			name = Release;
		};
/* End XCBuildConfiguration section */

/* Begin XCConfigurationList section */
		EEE4DFC22B17533300946D22 /* Build configuration list for PBXProject "SpotifyClone" */ = {
			isa = XCConfigurationList;
			buildConfigurations = (
				EEE4DFD92B17533500946D22 /* Debug */,
				EEE4DFDA2B17533500946D22 /* Release */,
			);
			defaultConfigurationIsVisible = 0;
			defaultConfigurationName = Release;
		};
		EEE4DFDB2B17533500946D22 /* Build configuration list for PBXNativeTarget "SpotifyClone" */ = {
			isa = XCConfigurationList;
			buildConfigurations = (
				EEE4DFDC2B17533500946D22 /* Debug */,
				EEE4DFDD2B17533500946D22 /* Release */,
			);
			defaultConfigurationIsVisible = 0;
			defaultConfigurationName = Release;
		};
/* End XCConfigurationList section */
	};
	rootObject = EEE4DFBF2B17533300946D22 /* Project object */;
}
